
Microsoft Visual Studio Solution File, Format Version 12.00
# Visual Studio Version 16
VisualStudioVersion = 16.0.30804.86
MinimumVisualStudioVersion = 10.0.40219.1
Project("{9A19103F-16F7-4668-BE54-9A1E7A4F7556}") = "HospitalRun", "HospitalRun.csproj", "{3EDBA603-2508-4B8E-B9E1-EF3CD0D6FA6F}"
EndProject
Global
	GlobalSection(SolutionConfigurationPlatforms) = preSolution
		Debug|Any CPU = Debug|Any CPU
		Release|Any CPU = Release|Any CPU
	EndGlobalSection
	GlobalSection(ProjectConfigurationPlatforms) = postSolution
		{3EDBA603-2508-4B8E-B9E1-EF3CD0D6FA6F}.Debug|Any CPU.ActiveCfg = Debug|Any CPU
		{3EDBA603-2508-4B8E-B9E1-EF3CD0D6FA6F}.Debug|Any CPU.Build.0 = Debug|Any CPU
		{3EDBA603-2508-4B8E-B9E1-EF3CD0D6FA6F}.Release|Any CPU.ActiveCfg = Release|Any CPU
		{3EDBA603-2508-4B8E-B9E1-EF3CD0D6FA6F}.Release|Any CPU.Build.0 = Release|Any CPU
	EndGlobalSection
	GlobalSection(SolutionProperties) = preSolution
		HideSolutionNode = FALSE
	EndGlobalSection
	GlobalSection(ExtensibilityGlobals) = postSolution
		SolutionGuid = {57AD868F-0ECB-431E-8437-F1907E12FC50}
	EndGlobalSection
EndGlobal
